// !$*UTF8*$!
{
	archiveVersion = 1;
	classes = {
	};
	objectVersion = 77;
	objects = {

/* Begin PBXBuildFile section */
		43B3ABBB537EA7458EAB91B6 /* Assets.xcassets in Resources */ = {isa = PBXBuildFile; fileRef = B8CF21CBCFC53569D28AA555 /* Assets.xcassets */; };
		65CBAE80F444692AC70FE9B8 /* ClipseApp.swift in Sources */ = {isa = PBXBuildFile; fileRef = BF6E20E352E9B8F2151FDED9 /* ClipseApp.swift */; };
		7ED37B60DA43AB2188F0E2B1 /* AppDelegate.swift in Sources */ = {isa = PBXBuildFile; fileRef = 296A36AD032AA74C5173350E /* AppDelegate.swift */; };
/* End PBXBuildFile section */

/* Begin PBXFileReference section */
		01564B58A86D941C230E437E /* Info.plist */ = {isa = PBXFileReference; lastKnownFileType = text.plist; path = Info.plist; sourceTree = "<group>"; };
		296A36AD032AA74C5173350E /* AppDelegate.swift */ = {isa = PBXFileReference; lastKnownFileType = sourcecode.swift; path = AppDelegate.swift; sourceTree = "<group>"; };
		4F6BF04EF04BB496D3894B58 /* Clipse.entitlements */ = {isa = PBXFileReference; lastKnownFileType = text.plist.entitlements; path = Clipse.entitlements; sourceTree = "<group>"; };
		B8CF21CBCFC53569D28AA555 /* Assets.xcassets */ = {isa = PBXFileReference; lastKnownFileType = folder.assetcatalog; path = Assets.xcassets; sourceTree = "<group>"; };
		BF6E20E352E9B8F2151FDED9 /* ClipseApp.swift */ = {isa = PBXFileReference; lastKnownFileType = sourcecode.swift; path = ClipseApp.swift; sourceTree = "<group>"; };
		F9AC28246FDAF64AF28816CB /* Clipse.app */ = {isa = PBXFileReference; explicitFileType = wrapper.application; includeInIndex = 0; path = Clipse.app; sourceTree = BUILT_PRODUCTS_DIR; };
/* End PBXFileReference section */

/* Begin PBXGroup section */
		25E73176A1CD8B29017DF5D1 /* Resources */ = {
			isa = PBXGroup;
			children = (
				B8CF21CBCFC53569D28AA555 /* Assets.xcassets */,
				4F6BF04EF04BB496D3894B58 /* Clipse.entitlements */,
				01564B58A86D941C230E437E /* Info.plist */,
			);
			path = Resources;
			sourceTree = "<group>";
		};
		2BC5A612C26828C50F6DCCB5 = {
			isa = PBXGroup;
			children = (
				4023011FB1BD77BC3ED0054D /* Clipse */,
				C9AE25F0980104BCE4238FA1 /* Products */,
			);
			sourceTree = "<group>";
		};
		4023011FB1BD77BC3ED0054D /* Clipse */ = {
			isa = PBXGroup;
			children = (
				6A91808582AC1ECBD1978485 /* App */,
				C33A32C01A69886436FEEE2E /* Core */,
				25E73176A1CD8B29017DF5D1 /* Resources */,
				86D4F1EC979B6CE54A41000D /* UI */,
			);
			path = Clipse;
			sourceTree = "<group>";
		};
		6A91808582AC1ECBD1978485 /* App */ = {
			isa = PBXGroup;
			children = (
				296A36AD032AA74C5173350E /* AppDelegate.swift */,
				BF6E20E352E9B8F2151FDED9 /* ClipseApp.swift */,
			);
			path = App;
			sourceTree = "<group>";
		};
		86D4F1EC979B6CE54A41000D /* UI */ = {
			isa = PBXGroup;
			children = (
			);
			path = UI;
			sourceTree = "<group>";
		};
		C33A32C01A69886436FEEE2E /* Core */ = {
			isa = PBXGroup;
			children = (
			);
			path = Core;
			sourceTree = "<group>";
		};
		C9AE25F0980104BCE4238FA1 /* Products */ = {
			isa = PBXGroup;
			children = (
				F9AC28246FDAF64AF28816CB /* Clipse.app */,
			);
			name = Products;
			sourceTree = "<group>";
		};
/* End PBXGroup section */

/* Begin PBXNativeTarget section */
		56D28459E85AA2642CB07E9C /* Clipse */ = {
			isa = PBXNativeTarget;
			buildConfigurationList = 2CB5FC0EBA434B77A56446D6 /* Build configuration list for PBXNativeTarget "Clipse" */;
			buildPhases = (
				E48D59E61DEBB2062503A78A /* Sources */,
				B131D91D89C745B112755536 /* Resources */,
			);
			buildRules = (
			);
			dependencies = (
			);
			name = Clipse;
			packageProductDependencies = (
			);
			productName = Clipse;
			productReference = F9AC28246FDAF64AF28816CB /* Clipse.app */;
			productType = "com.apple.product-type.application";
		};
/* End PBXNativeTarget section */

/* Begin PBXProject section */
		6ADC220913EBA2B1E792889B /* Project object */ = {
			isa = PBXProject;
			attributes = {
				BuildIndependentTargetsInParallel = YES;
				LastUpgradeCheck = 1430;
				TargetAttributes = {
					56D28459E85AA2642CB07E9C = {
						ProvisioningStyle = Automatic;
					};
				};
			};
			buildConfigurationList = 4707B5E3B991689DA45E4BB3 /* Build configuration list for PBXProject "Clipse" */;
			developmentRegion = en;
			hasScannedForEncodings = 0;
			knownRegions = (
				Base,
				en,
			);
			mainGroup = 2BC5A612C26828C50F6DCCB5;
			minimizedProjectReferenceProxies = 1;
			preferredProjectObjectVersion = 77;
			productRefGroup = C9AE25F0980104BCE4238FA1 /* Products */;
			projectDirPath = "";
			projectRoot = "";
			targets = (
				56D28459E85AA2642CB07E9C /* Clipse */,
			);
		};
/* End PBXProject section */

/* Begin PBXResourcesBuildPhase section */
		B131D91D89C745B112755536 /* Resources */ = {
			isa = PBXResourcesBuildPhase;
			buildActionMask = 2147483647;
			files = (
				43B3ABBB537EA7458EAB91B6 /* Assets.xcassets in Resources */,
			);
			runOnlyForDeploymentPostprocessing = 0;
		};
/* End PBXResourcesBuildPhase section */

/* Begin PBXSourcesBuildPhase section */
		E48D59E61DEBB2062503A78A /* Sources */ = {
			isa = PBXSourcesBuildPhase;
			buildActionMask = 2147483647;
			files = (
				7ED37B60DA43AB2188F0E2B1 /* AppDelegate.swift in Sources */,
				65CBAE80F444692AC70FE9B8 /* ClipseApp.swift in Sources */,
			);
			runOnlyForDeploymentPostprocessing = 0;
		};
/* End PBXSourcesBuildPhase section */

/* Begin XCBuildConfiguration section */
		015F5676A36C5DF97376ABC6 /* Release */ = {
			isa = XCBuildConfiguration;
			buildSettings = {
				ALWAYS_SEARCH_USER_PATHS = NO;
				CLANG_ANALYZER_NONNULL = YES;
				CLANG_ANALYZER_NUMBER_OBJECT_CONVERSION = YES_AGGRESSIVE;
				CLANG_CXX_LANGUAGE_STANDARD = "gnu++14";
				CLANG_CXX_LIBRARY = "libc++";
				CLANG_ENABLE_MODULES = YES;
				CLANG_ENABLE_OBJC_ARC = YES;
				CLANG_ENABLE_OBJC_WEAK = YES;
				CLANG_WARN_BLOCK_CAPTURE_AUTORELEASING = YES;
				CLANG_WARN_BOOL_CONVERSION = YES;
				CLANG_WARN_COMMA = YES;
				CLANG_WARN_CONSTANT_CONVERSION = YES;
				CLANG_WARN_DEPRECATED_OBJC_IMPLEMENTATIONS = YES;
				CLANG_WARN_DIRECT_OBJC_ISA_USAGE = YES_ERROR;
				CLANG_WARN_DOCUMENTATION_COMMENTS = YES;
				CLANG_WARN_EMPTY_BODY = YES;
				CLANG_WARN_ENUM_CONVERSION = YES;
				CLANG_WARN_INFINITE_RECURSION = YES;
				CLANG_WARN_INT_CONVERSION = YES;
				CLANG_WARN_NON_LITERAL_NULL_CONVERSION = YES;
				CLANG_WARN_OBJC_IMPLICIT_RETAIN_SELF = YES;
				CLANG_WARN_OBJC_LITERAL_CONVERSION = YES;
				CLANG_WARN_OBJC_ROOT_CLASS = YES_ERROR;
				CLANG_WARN_QUOTED_INCLUDE_IN_FRAMEWORK_HEADER = YES;
				CLANG_WARN_RANGE_LOOP_ANALYSIS = YES;
				CLANG_WARN_STRICT_PROTOTYPES = YES;
				CLANG_WARN_SUSPICIOUS_MOVE = YES;
				CLANG_WARN_UNGUARDED_AVAILABILITY = YES_AGGRESSIVE;
				CLANG_WARN_UNREACHABLE_CODE = YES;
				CLANG_WARN__DUPLICATE_METHOD_MATCH = YES;
				CODE_SIGN_STYLE = Automatic;
				COPY_PHASE_STRIP = NO;
				DEBUG_INFORMATION_FORMAT = "dwarf-with-dsym";
				ENABLE_HARDENED_RUNTIME = YES;
				ENABLE_NS_ASSERTIONS = NO;
				ENABLE_STRICT_OBJC_MSGSEND = YES;
				GCC_C_LANGUAGE_STANDARD = gnu11;
				GCC_NO_COMMON_BLOCKS = YES;
				GCC_WARN_64_TO_32_BIT_CONVERSION = YES;
				GCC_WARN_ABOUT_RETURN_TYPE = YES_ERROR;
				GCC_WARN_UNDECLARED_SELECTOR = YES;
				GCC_WARN_UNINITIALIZED_AUTOS = YES_AGGRESSIVE;
				GCC_WARN_UNUSED_FUNCTION = YES;
				GCC_WARN_UNUSED_VARIABLE = YES;
				MACOSX_DEPLOYMENT_TARGET = 13.0;
				MTL_ENABLE_DEBUG_INFO = NO;
				MTL_FAST_MATH = YES;
				PRODUCT_NAME = "$(TARGET_NAME)";
				SDKROOT = macosx;
				SWIFT_COMPILATION_MODE = wholemodule;
				SWIFT_OPTIMIZATION_LEVEL = "-O";
				SWIFT_VERSION = 5.9;
			};
			name = Release;
		};
		369BAB4CC4CD86C507508691 /* Debug */ = {
			isa = XCBuildConfiguration;
			buildSettings = {
				ALWAYS_SEARCH_USER_PATHS = NO;
				CLANG_ANALYZER_NONNULL = YES;
				CLANG_ANALYZER_NUMBER_OBJECT_CONVERSION = YES_AGGRESSIVE;
				CLANG_CXX_LANGUAGE_STANDARD = "gnu++14";
				CLANG_CXX_LIBRARY = "libc++";
				CLANG_ENABLE_MODULES = YES;
				CLANG_ENABLE_OBJC_ARC = YES;
				CLANG_ENABLE_OBJC_WEAK = YES;
				CLANG_WARN_BLOCK_CAPTURE_AUTORELEASING = YES;
				CLANG_WARN_BOOL_CONVERSION = YES;
				CLANG_WARN_COMMA = YES;
				CLANG_WARN_CONSTANT_CONVERSION = YES;
				CLANG_WARN_DEPRECATED_OBJC_IMPLEMENTATIONS = YES;
				CLANG_WARN_DIRECT_OBJC_ISA_USAGE = YES_ERROR;
				CLANG_WARN_DOCUMENTATION_COMMENTS = YES;
				CLANG_WARN_EMPTY_BODY = YES;
				CLANG_WARN_ENUM_CONVERSION = YES;
				CLANG_WARN_INFINITE_RECURSION = YES;
				CLANG_WARN_INT_CONVERSION = YES;
				CLANG_WARN_NON_LITERAL_NULL_CONVERSION = YES;
				CLANG_WARN_OBJC_IMPLICIT_RETAIN_SELF = YES;
				CLANG_WARN_OBJC_LITERAL_CONVERSION = YES;
				CLANG_WARN_OBJC_ROOT_CLASS = YES_ERROR;
				CLANG_WARN_QUOTED_INCLUDE_IN_FRAMEWORK_HEADER = YES;
				CLANG_WARN_RANGE_LOOP_ANALYSIS = YES;
				CLANG_WARN_STRICT_PROTOTYPES = YES;
				CLANG_WARN_SUSPICIOUS_MOVE = YES;
				CLANG_WARN_UNGUARDED_AVAILABILITY = YES_AGGRESSIVE;
				CLANG_WARN_UNREACHABLE_CODE = YES;
				CLANG_WARN__DUPLICATE_METHOD_MATCH = YES;
				CODE_SIGN_STYLE = Automatic;
				COPY_PHASE_STRIP = NO;
				DEBUG_INFORMATION_FORMAT = dwarf;
				ENABLE_HARDENED_RUNTIME = YES;
				ENABLE_STRICT_OBJC_MSGSEND = YES;
				ENABLE_TESTABILITY = YES;
				GCC_C_LANGUAGE_STANDARD = gnu11;
				GCC_DYNAMIC_NO_PIC = NO;
				GCC_NO_COMMON_BLOCKS = YES;
				GCC_OPTIMIZATION_LEVEL = 0;
				GCC_PREPROCESSOR_DEFINITIONS = (
					"$(inherited)",
					"DEBUG=1",
				);
				GCC_WARN_64_TO_32_BIT_CONVERSION = YES;
				GCC_WARN_ABOUT_RETURN_TYPE = YES_ERROR;
				GCC_WARN_UNDECLARED_SELECTOR = YES;
				GCC_WARN_UNINITIALIZED_AUTOS = YES_AGGRESSIVE;
				GCC_WARN_UNUSED_FUNCTION = YES;
				GCC_WARN_UNUSED_VARIABLE = YES;
				MACOSX_DEPLOYMENT_TARGET = 13.0;
				MTL_ENABLE_DEBUG_INFO = INCLUDE_SOURCE;
				MTL_FAST_MATH = YES;
				ONLY_ACTIVE_ARCH = YES;
				PRODUCT_NAME = "$(TARGET_NAME)";
				SDKROOT = macosx;
				SWIFT_ACTIVE_COMPILATION_CONDITIONS = DEBUG;
				SWIFT_OPTIMIZATION_LEVEL = "-Onone";
				SWIFT_VERSION = 5.9;
			};
			name = Debug;
		};
		94991A49A9B358D3FAAE2DD9 /* Release */ = {
			isa = XCBuildConfiguration;
			buildSettings = {
				ASSETCATALOG_COMPILER_APPICON_NAME = AppIcon;
				CODE_SIGN_ENTITLEMENTS = Clipse/Resources/Clipse.entitlements;
				COMBINE_HIDPI_IMAGES = YES;
				INFOPLIST_FILE = Clipse/Resources/Info.plist;
				LD_RUNPATH_SEARCH_PATHS = (
					"$(inherited)",
					"@executable_path/../Frameworks",
				);
				PRODUCT_BUNDLE_IDENTIFIER = com.clipse.app;
				SDKROOT = macosx;
			};
			name = Release;
		};
		A00E4FA82011BC38F74F25CA /* Debug */ = {
			isa = XCBuildConfiguration;
			buildSettings = {
				ASSETCATALOG_COMPILER_APPICON_NAME = AppIcon;
				CODE_SIGN_ENTITLEMENTS = Clipse/Resources/Clipse.entitlements;
				COMBINE_HIDPI_IMAGES = YES;
				INFOPLIST_FILE = Clipse/Resources/Info.plist;
				LD_RUNPATH_SEARCH_PATHS = (
					"$(inherited)",
					"@executable_path/../Frameworks",
				);
				PRODUCT_BUNDLE_IDENTIFIER = com.clipse.app;
				SDKROOT = macosx;
			};
			name = Debug;
		};
/* End XCBuildConfiguration section */

/* Begin XCConfigurationList section */
		2CB5FC0EBA434B77A56446D6 /* Build configuration list for PBXNativeTarget "Clipse" */ = {
			isa = XCConfigurationList;
			buildConfigurations = (
				A00E4FA82011BC38F74F25CA /* Debug */,
				94991A49A9B358D3FAAE2DD9 /* Release */,
			);
			defaultConfigurationIsVisible = 0;
			defaultConfigurationName = Debug;
		};
		4707B5E3B991689DA45E4BB3 /* Build configuration list for PBXProject "Clipse" */ = {
			isa = XCConfigurationList;
			buildConfigurations = (
				369BAB4CC4CD86C507508691 /* Debug */,
				015F5676A36C5DF97376ABC6 /* Release */,
			);
			defaultConfigurationIsVisible = 0;
			defaultConfigurationName = Debug;
		};
/* End XCConfigurationList section */
	};
	rootObject = 6ADC220913EBA2B1E792889B /* Project object */;
}
